// !$*UTF8*$!
{
	archiveVersion = 1;
	classes = {
	};
	objectVersion = 56;
	objects = {

/* Begin PBXBuildFile section */
		FB1B29AB29619DCA00B81091 /* Movie.swift in Sources */ = {isa = PBXBuildFile; fileRef = FB1B29AA29619DCA00B81091 /* Movie.swift */; };
		FB1B29AD29619E7F00B81091 /* HomeView.swift in Sources */ = {isa = PBXBuildFile; fileRef = FB1B29AC29619E7F00B81091 /* HomeView.swift */; };
		FB1B29AF29619E9900B81091 /* StandardHomeMovie.swift in Sources */ = {isa = PBXBuildFile; fileRef = FB1B29AE29619E9900B81091 /* StandardHomeMovie.swift */; };
		FB1B29B129619F7100B81091 /* GlobalHelpers.swift in Sources */ = {isa = PBXBuildFile; fileRef = FB1B29B029619F7100B81091 /* GlobalHelpers.swift */; };
		FB1B29B32961A14800B81091 /* HomeVM.swift in Sources */ = {isa = PBXBuildFile; fileRef = FB1B29B22961A14800B81091 /* HomeVM.swift */; };
		FB5811DA29CEF44100F2CDC7 /* ComingSoon.swift in Sources */ = {isa = PBXBuildFile; fileRef = FB5811D929CEF44100F2CDC7 /* ComingSoon.swift */; };
		FB5811DD29CEF57000F2CDC7 /* NotificationBar.swift in Sources */ = {isa = PBXBuildFile; fileRef = FB5811DC29CEF57000F2CDC7 /* NotificationBar.swift */; };
		FB5811DF29CEFBB700F2CDC7 /* ComingSoonRow.swift in Sources */ = {isa = PBXBuildFile; fileRef = FB5811DE29CEFBB700F2CDC7 /* ComingSoonRow.swift */; };
		FB5811E129CF02AA00F2CDC7 /* ComingSoonVM.swift in Sources */ = {isa = PBXBuildFile; fileRef = FB5811E029CF02AA00F2CDC7 /* ComingSoonVM.swift */; };
		FB5811E329CF03DB00F2CDC7 /* TrackableScrollView.swift in Sources */ = {isa = PBXBuildFile; fileRef = FB5811E229CF03DB00F2CDC7 /* TrackableScrollView.swift */; };
		FB5811E529CF204E00F2CDC7 /* DownloadsView.swift in Sources */ = {isa = PBXBuildFile; fileRef = FB5811E429CF204E00F2CDC7 /* DownloadsView.swift */; };
		FB5A860329609D17006BB8C7 /* NetflixCloneApp.swift in Sources */ = {isa = PBXBuildFile; fileRef = FB5A860229609D17006BB8C7 /* NetflixCloneApp.swift */; };
		FB5A860529609D17006BB8C7 /* ContentView.swift in Sources */ = {isa = PBXBuildFile; fileRef = FB5A860429609D17006BB8C7 /* ContentView.swift */; };
		FB5A860729609D18006BB8C7 /* Assets.xcassets in Resources */ = {isa = PBXBuildFile; fileRef = FB5A860629609D18006BB8C7 /* Assets.xcassets */; };
		FB5A860A29609D18006BB8C7 /* Preview Assets.xcassets in Resources */ = {isa = PBXBuildFile; fileRef = FB5A860929609D18006BB8C7 /* Preview Assets.xcassets */; };
		FB5A86192960A0AC006BB8C7 /* KingfisherSwiftUI in Frameworks */ = {isa = PBXBuildFile; productRef = FB5A86182960A0AC006BB8C7 /* KingfisherSwiftUI */; };
		FB8546C4296AB8FD00ABF2C8 /* TopMoviePreview.swift in Sources */ = {isa = PBXBuildFile; fileRef = FB8546C3296AB8FD00ABF2C8 /* TopMoviePreview.swift */; };
		FB8546C6296AC01200ABF2C8 /* SmallVerticalButton.swift in Sources */ = {isa = PBXBuildFile; fileRef = FB8546C5296AC01200ABF2C8 /* SmallVerticalButton.swift */; };
		FB8546C829747FC500ABF2C8 /* PlayButton.swift in Sources */ = {isa = PBXBuildFile; fileRef = FB8546C729747FC500ABF2C8 /* PlayButton.swift */; };
		FB8546CE297D3B6C00ABF2C8 /* MovieDetail.swift in Sources */ = {isa = PBXBuildFile; fileRef = FB8546CD297D3B6C00ABF2C8 /* MovieDetail.swift */; };
		FB8546D0297D405900ABF2C8 /* Episode.swift in Sources */ = {isa = PBXBuildFile; fileRef = FB8546CF297D405900ABF2C8 /* Episode.swift */; };
		FB8546D2297D607900ABF2C8 /* CustomTabSwitcher.swift in Sources */ = {isa = PBXBuildFile; fileRef = FB8546D1297D607900ABF2C8 /* CustomTabSwitcher.swift */; };
		FB9893082982E77800410ABB /* MoreLikeThis.swift in Sources */ = {isa = PBXBuildFile; fileRef = FB9893072982E77800410ABB /* MoreLikeThis.swift */; };
		FB98930A298512C500410ABB /* Trailer.swift in Sources */ = {isa = PBXBuildFile; fileRef = FB989309298512C500410ABB /* Trailer.swift */; };
		FB98930C2985137500410ABB /* SwiftUIVideoView.swift in Sources */ = {isa = PBXBuildFile; fileRef = FB98930B2985137500410ABB /* SwiftUIVideoView.swift */; };
		FB98930F2985154100410ABB /* VideoPreviewImage.swift in Sources */ = {isa = PBXBuildFile; fileRef = FB98930E2985154100410ABB /* VideoPreviewImage.swift */; };
		FB989311298517D500410ABB /* TrailerList.swift in Sources */ = {isa = PBXBuildFile; fileRef = FB989310298517D500410ABB /* TrailerList.swift */; };
		FB989313298848A000410ABB /* EpisodesView.swift in Sources */ = {isa = PBXBuildFile; fileRef = FB989312298848A000410ABB /* EpisodesView.swift */; };
		FB989319298E596200410ABB /* HomeStack.swift in Sources */ = {isa = PBXBuildFile; fileRef = FB989318298E596200410ABB /* HomeStack.swift */; };
		FB98931B298FA76F00410ABB /* SearchBar.swift in Sources */ = {isa = PBXBuildFile; fileRef = FB98931A298FA76F00410ABB /* SearchBar.swift */; };
		FB98931E298FA92100410ABB /* Colors.swift in Sources */ = {isa = PBXBuildFile; fileRef = FB98931D298FA92100410ABB /* Colors.swift */; };
		FB989320298FAEDC00410ABB /* ActivityIndicator.swift in Sources */ = {isa = PBXBuildFile; fileRef = FB98931F298FAEDC00410ABB /* ActivityIndicator.swift */; };
		FB989322298FB91900410ABB /* SearchView.swift in Sources */ = {isa = PBXBuildFile; fileRef = FB989321298FB91900410ABB /* SearchView.swift */; };
		FB989324298FB97700410ABB /* SearchVM.swift in Sources */ = {isa = PBXBuildFile; fileRef = FB989323298FB97700410ABB /* SearchVM.swift */; };
		FB989326298FBC8100410ABB /* GenerateMovies.swift in Sources */ = {isa = PBXBuildFile; fileRef = FB989325298FBC8100410ABB /* GenerateMovies.swift */; };
		FB989328298FD9A900410ABB /* PopularMovieView.swift in Sources */ = {isa = PBXBuildFile; fileRef = FB989327298FD9A900410ABB /* PopularMovieView.swift */; };
		FB98932A298FF00A00410ABB /* SearchResultGrid.swift in Sources */ = {isa = PBXBuildFile; fileRef = FB989329298FF00A00410ABB /* SearchResultGrid.swift */; };
/* End PBXBuildFile section */

/* Begin PBXFileReference section */
		FB1B29AA29619DCA00B81091 /* Movie.swift */ = {isa = PBXFileReference; lastKnownFileType = sourcecode.swift; path = Movie.swift; sourceTree = "<group>"; };
		FB1B29AC29619E7F00B81091 /* HomeView.swift */ = {isa = PBXFileReference; lastKnownFileType = sourcecode.swift; path = HomeView.swift; sourceTree = "<group>"; };
		FB1B29AE29619E9900B81091 /* StandardHomeMovie.swift */ = {isa = PBXFileReference; lastKnownFileType = sourcecode.swift; path = StandardHomeMovie.swift; sourceTree = "<group>"; };
		FB1B29B029619F7100B81091 /* GlobalHelpers.swift */ = {isa = PBXFileReference; lastKnownFileType = sourcecode.swift; path = GlobalHelpers.swift; sourceTree = "<group>"; };
		FB1B29B22961A14800B81091 /* HomeVM.swift */ = {isa = PBXFileReference; lastKnownFileType = sourcecode.swift; path = HomeVM.swift; sourceTree = "<group>"; };
		FB5811D929CEF44100F2CDC7 /* ComingSoon.swift */ = {isa = PBXFileReference; lastKnownFileType = sourcecode.swift; path = ComingSoon.swift; sourceTree = "<group>"; };
		FB5811DC29CEF57000F2CDC7 /* NotificationBar.swift */ = {isa = PBXFileReference; lastKnownFileType = sourcecode.swift; path = NotificationBar.swift; sourceTree = "<group>"; };
		FB5811DE29CEFBB700F2CDC7 /* ComingSoonRow.swift */ = {isa = PBXFileReference; lastKnownFileType = sourcecode.swift; path = ComingSoonRow.swift; sourceTree = "<group>"; };
		FB5811E029CF02AA00F2CDC7 /* ComingSoonVM.swift */ = {isa = PBXFileReference; lastKnownFileType = sourcecode.swift; path = ComingSoonVM.swift; sourceTree = "<group>"; };
		FB5811E229CF03DB00F2CDC7 /* TrackableScrollView.swift */ = {isa = PBXFileReference; lastKnownFileType = sourcecode.swift; path = TrackableScrollView.swift; sourceTree = "<group>"; };
		FB5811E429CF204E00F2CDC7 /* DownloadsView.swift */ = {isa = PBXFileReference; lastKnownFileType = sourcecode.swift; path = DownloadsView.swift; sourceTree = "<group>"; };
		FB5A85FF29609D17006BB8C7 /* NetflixClone.app */ = {isa = PBXFileReference; explicitFileType = wrapper.application; includeInIndex = 0; path = NetflixClone.app; sourceTree = BUILT_PRODUCTS_DIR; };
		FB5A860229609D17006BB8C7 /* NetflixCloneApp.swift */ = {isa = PBXFileReference; lastKnownFileType = sourcecode.swift; path = NetflixCloneApp.swift; sourceTree = "<group>"; };
		FB5A860429609D17006BB8C7 /* ContentView.swift */ = {isa = PBXFileReference; lastKnownFileType = sourcecode.swift; path = ContentView.swift; sourceTree = "<group>"; };
		FB5A860629609D18006BB8C7 /* Assets.xcassets */ = {isa = PBXFileReference; lastKnownFileType = folder.assetcatalog; path = Assets.xcassets; sourceTree = "<group>"; };
		FB5A860929609D18006BB8C7 /* Preview Assets.xcassets */ = {isa = PBXFileReference; lastKnownFileType = folder.assetcatalog; path = "Preview Assets.xcassets"; sourceTree = "<group>"; };
		FB8546C3296AB8FD00ABF2C8 /* TopMoviePreview.swift */ = {isa = PBXFileReference; lastKnownFileType = sourcecode.swift; path = TopMoviePreview.swift; sourceTree = "<group>"; };
		FB8546C5296AC01200ABF2C8 /* SmallVerticalButton.swift */ = {isa = PBXFileReference; lastKnownFileType = sourcecode.swift; path = SmallVerticalButton.swift; sourceTree = "<group>"; };
		FB8546C729747FC500ABF2C8 /* PlayButton.swift */ = {isa = PBXFileReference; lastKnownFileType = sourcecode.swift; path = PlayButton.swift; sourceTree = "<group>"; };
		FB8546CD297D3B6C00ABF2C8 /* MovieDetail.swift */ = {isa = PBXFileReference; lastKnownFileType = sourcecode.swift; path = MovieDetail.swift; sourceTree = "<group>"; };
		FB8546CF297D405900ABF2C8 /* Episode.swift */ = {isa = PBXFileReference; lastKnownFileType = sourcecode.swift; path = Episode.swift; sourceTree = "<group>"; };
		FB8546D1297D607900ABF2C8 /* CustomTabSwitcher.swift */ = {isa = PBXFileReference; lastKnownFileType = sourcecode.swift; path = CustomTabSwitcher.swift; sourceTree = "<group>"; };
		FB9893072982E77800410ABB /* MoreLikeThis.swift */ = {isa = PBXFileReference; lastKnownFileType = sourcecode.swift; path = MoreLikeThis.swift; sourceTree = "<group>"; };
		FB989309298512C500410ABB /* Trailer.swift */ = {isa = PBXFileReference; lastKnownFileType = sourcecode.swift; path = Trailer.swift; sourceTree = "<group>"; };
		FB98930B2985137500410ABB /* SwiftUIVideoView.swift */ = {isa = PBXFileReference; lastKnownFileType = sourcecode.swift; path = SwiftUIVideoView.swift; sourceTree = "<group>"; };
		FB98930E2985154100410ABB /* VideoPreviewImage.swift */ = {isa = PBXFileReference; lastKnownFileType = sourcecode.swift; path = VideoPreviewImage.swift; sourceTree = "<group>"; };
		FB989310298517D500410ABB /* TrailerList.swift */ = {isa = PBXFileReference; lastKnownFileType = sourcecode.swift; path = TrailerList.swift; sourceTree = "<group>"; };
		FB989312298848A000410ABB /* EpisodesView.swift */ = {isa = PBXFileReference; lastKnownFileType = sourcecode.swift; path = EpisodesView.swift; sourceTree = "<group>"; };
		FB989318298E596200410ABB /* HomeStack.swift */ = {isa = PBXFileReference; lastKnownFileType = sourcecode.swift; path = HomeStack.swift; sourceTree = "<group>"; };
		FB98931A298FA76F00410ABB /* SearchBar.swift */ = {isa = PBXFileReference; lastKnownFileType = sourcecode.swift; path = SearchBar.swift; sourceTree = "<group>"; };
		FB98931D298FA92100410ABB /* Colors.swift */ = {isa = PBXFileReference; lastKnownFileType = sourcecode.swift; path = Colors.swift; sourceTree = "<group>"; };
		FB98931F298FAEDC00410ABB /* ActivityIndicator.swift */ = {isa = PBXFileReference; lastKnownFileType = sourcecode.swift; path = ActivityIndicator.swift; sourceTree = "<group>"; };
		FB989321298FB91900410ABB /* SearchView.swift */ = {isa = PBXFileReference; lastKnownFileType = sourcecode.swift; path = SearchView.swift; sourceTree = "<group>"; };
		FB989323298FB97700410ABB /* SearchVM.swift */ = {isa = PBXFileReference; lastKnownFileType = sourcecode.swift; path = SearchVM.swift; sourceTree = "<group>"; };
		FB989325298FBC8100410ABB /* GenerateMovies.swift */ = {isa = PBXFileReference; lastKnownFileType = sourcecode.swift; path = GenerateMovies.swift; sourceTree = "<group>"; };
		FB989327298FD9A900410ABB /* PopularMovieView.swift */ = {isa = PBXFileReference; lastKnownFileType = sourcecode.swift; path = PopularMovieView.swift; sourceTree = "<group>"; };
		FB989329298FF00A00410ABB /* SearchResultGrid.swift */ = {isa = PBXFileReference; lastKnownFileType = sourcecode.swift; path = SearchResultGrid.swift; sourceTree = "<group>"; };
/* End PBXFileReference section */

/* Begin PBXFrameworksBuildPhase section */
		FB5A85FC29609D17006BB8C7 /* Frameworks */ = {
			isa = PBXFrameworksBuildPhase;
			buildActionMask = 2147483647;
			files = (
				FB5A86192960A0AC006BB8C7 /* KingfisherSwiftUI in Frameworks */,
			);
			runOnlyForDeploymentPostprocessing = 0;
		};
/* End PBXFrameworksBuildPhase section */

/* Begin PBXGroup section */
		FB5811DB29CEF49600F2CDC7 /* Comingsoon */ = {
			isa = PBXGroup;
			children = (
				FB5811D929CEF44100F2CDC7 /* ComingSoon.swift */,
				FB5811DC29CEF57000F2CDC7 /* NotificationBar.swift */,
				FB5811DE29CEFBB700F2CDC7 /* ComingSoonRow.swift */,
				FB5811E029CF02AA00F2CDC7 /* ComingSoonVM.swift */,
				FB5811E229CF03DB00F2CDC7 /* TrackableScrollView.swift */,
			);
			path = Comingsoon;
			sourceTree = "<group>";
		};
		FB5811E629CF228000F2CDC7 /* Download */ = {
			isa = PBXGroup;
			children = (
				FB5811E429CF204E00F2CDC7 /* DownloadsView.swift */,
			);
			name = Download;
			sourceTree = "<group>";
		};
		FB5A85F629609D17006BB8C7 = {
			isa = PBXGroup;
			children = (
				FB5A860129609D17006BB8C7 /* NetflixClone */,
				FB5A860029609D17006BB8C7 /* Products */,
			);
			sourceTree = "<group>";
		};
		FB5A860029609D17006BB8C7 /* Products */ = {
			isa = PBXGroup;
			children = (
				FB5A85FF29609D17006BB8C7 /* NetflixClone.app */,
			);
			name = Products;
			sourceTree = "<group>";
		};
		FB5A860129609D17006BB8C7 /* NetflixClone */ = {
			isa = PBXGroup;
			children = (
				FB5811DB29CEF49600F2CDC7 /* Comingsoon */,
				FB5A861629609F3C006BB8C7 /* macOS */,
				FB5A861529609F34006BB8C7 /* iOS */,
				FB5A861329609F08006BB8C7 /* Shared */,
				FB5A860829609D18006BB8C7 /* Preview Content */,
			);
			path = NetflixClone;
			sourceTree = "<group>";
		};
		FB5A860829609D18006BB8C7 /* Preview Content */ = {
			isa = PBXGroup;
			children = (
				FB5A860929609D18006BB8C7 /* Preview Assets.xcassets */,
			);
			path = "Preview Content";
			sourceTree = "<group>";
		};
		FB5A861329609F08006BB8C7 /* Shared */ = {
			isa = PBXGroup;
			children = (
				FB5A860229609D17006BB8C7 /* NetflixCloneApp.swift */,
				FB5A860429609D17006BB8C7 /* ContentView.swift */,
				FB5A860629609D18006BB8C7 /* Assets.xcassets */,
			);
			path = Shared;
			sourceTree = "<group>";
		};
		FB5A861529609F34006BB8C7 /* iOS */ = {
			isa = PBXGroup;
			children = (
				FB98930D298514B300410ABB /* VideoPlayer */,
				FB9893062982E72C00410ABB /* MovieDetail */,
				FB8546C9297D3AA400ABF2C8 /* HomeViews */,
				FB8546CA297D3AC800ABF2C8 /* HelperViews */,
				FB8546CB297D3AF300ABF2C8 /* Model */,
				FB8546CC297D3B0000ABF2C8 /* Helpers */,
				FB98931C298FA78F00410ABB /* Search */,
				FB5811E629CF228000F2CDC7 /* Download */,
			);
			path = iOS;
			sourceTree = "<group>";
		};
		FB5A861629609F3C006BB8C7 /* macOS */ = {
			isa = PBXGroup;
			children = (
			);
			path = macOS;
			sourceTree = "<group>";
		};
		FB8546C9297D3AA400ABF2C8 /* HomeViews */ = {
			isa = PBXGroup;
			children = (
				FB1B29B22961A14800B81091 /* HomeVM.swift */,
				FB1B29AC29619E7F00B81091 /* HomeView.swift */,
				FB989318298E596200410ABB /* HomeStack.swift */,
			);
			path = HomeViews;
			sourceTree = "<group>";
		};
		FB8546CA297D3AC800ABF2C8 /* HelperViews */ = {
			isa = PBXGroup;
			children = (
				FB8546C729747FC500ABF2C8 /* PlayButton.swift */,
				FB1B29AE29619E9900B81091 /* StandardHomeMovie.swift */,
				FB8546C5296AC01200ABF2C8 /* SmallVerticalButton.swift */,
				FB8546C3296AB8FD00ABF2C8 /* TopMoviePreview.swift */,
			);
			path = HelperViews;
			sourceTree = "<group>";
		};
		FB8546CB297D3AF300ABF2C8 /* Model */ = {
			isa = PBXGroup;
			children = (
				FB1B29AA29619DCA00B81091 /* Movie.swift */,
				FB8546CF297D405900ABF2C8 /* Episode.swift */,
				FB989309298512C500410ABB /* Trailer.swift */,
			);
			path = Model;
			sourceTree = "<group>";
		};
		FB8546CC297D3B0000ABF2C8 /* Helpers */ = {
			isa = PBXGroup;
			children = (
				FB1B29B029619F7100B81091 /* GlobalHelpers.swift */,
				FB98931D298FA92100410ABB /* Colors.swift */,
				FB98931F298FAEDC00410ABB /* ActivityIndicator.swift */,
				FB989325298FBC8100410ABB /* GenerateMovies.swift */,
			);
			path = Helpers;
			sourceTree = "<group>";
		};
		FB9893062982E72C00410ABB /* MovieDetail */ = {
			isa = PBXGroup;
			children = (
				FB8546CD297D3B6C00ABF2C8 /* MovieDetail.swift */,
				FB8546D1297D607900ABF2C8 /* CustomTabSwitcher.swift */,
				FB9893072982E77800410ABB /* MoreLikeThis.swift */,
				FB989310298517D500410ABB /* TrailerList.swift */,
				FB989312298848A000410ABB /* EpisodesView.swift */,
			);
			path = MovieDetail;
			sourceTree = "<group>";
		};
		FB98930D298514B300410ABB /* VideoPlayer */ = {
			isa = PBXGroup;
			children = (
				FB98930B2985137500410ABB /* SwiftUIVideoView.swift */,
				FB98930E2985154100410ABB /* VideoPreviewImage.swift */,
			);
			path = VideoPlayer;
			sourceTree = "<group>";
		};
		FB98931C298FA78F00410ABB /* Search */ = {
			isa = PBXGroup;
			children = (
				FB98931A298FA76F00410ABB /* SearchBar.swift */,
				FB989321298FB91900410ABB /* SearchView.swift */,
				FB989323298FB97700410ABB /* SearchVM.swift */,
				FB989327298FD9A900410ABB /* PopularMovieView.swift */,
				FB989329298FF00A00410ABB /* SearchResultGrid.swift */,
			);
			path = Search;
			sourceTree = "<group>";
		};
/* End PBXGroup section */

/* Begin PBXNativeTarget section */
		FB5A85FE29609D17006BB8C7 /* NetflixClone */ = {
			isa = PBXNativeTarget;
			buildConfigurationList = FB5A860D29609D18006BB8C7 /* Build configuration list for PBXNativeTarget "NetflixClone" */;
			buildPhases = (
				FB5A85FB29609D17006BB8C7 /* Sources */,
				FB5A85FC29609D17006BB8C7 /* Frameworks */,
				FB5A85FD29609D17006BB8C7 /* Resources */,
			);
			buildRules = (
			);
			dependencies = (
			);
			name = NetflixClone;
			packageProductDependencies = (
				FB5A86182960A0AC006BB8C7 /* KingfisherSwiftUI */,
			);
			productName = NetflixClone;
			productReference = FB5A85FF29609D17006BB8C7 /* NetflixClone.app */;
			productType = "com.apple.product-type.application";
		};
/* End PBXNativeTarget section */

/* Begin PBXProject section */
		FB5A85F729609D17006BB8C7 /* Project object */ = {
			isa = PBXProject;
			attributes = {
				BuildIndependentTargetsInParallel = 1;
				LastSwiftUpdateCheck = 1410;
				LastUpgradeCheck = 1410;
				TargetAttributes = {
					FB5A85FE29609D17006BB8C7 = {
						CreatedOnToolsVersion = 14.1;
					};
				};
			};
			buildConfigurationList = FB5A85FA29609D17006BB8C7 /* Build configuration list for PBXProject "NetflixClone" */;
			compatibilityVersion = "Xcode 14.0";
			developmentRegion = en;
			hasScannedForEncodings = 0;
			knownRegions = (
				en,
				Base,
			);
			mainGroup = FB5A85F629609D17006BB8C7;
			packageReferences = (
				FB5A86172960A0AC006BB8C7 /* XCRemoteSwiftPackageReference "Kingfisher" */,
			);
			productRefGroup = FB5A860029609D17006BB8C7 /* Products */;
			projectDirPath = "";
			projectRoot = "";
			targets = (
				FB5A85FE29609D17006BB8C7 /* NetflixClone */,
			);
		};
/* End PBXProject section */

/* Begin PBXResourcesBuildPhase section */
		FB5A85FD29609D17006BB8C7 /* Resources */ = {
			isa = PBXResourcesBuildPhase;
			buildActionMask = 2147483647;
			files = (
				FB5A860A29609D18006BB8C7 /* Preview Assets.xcassets in Resources */,
				FB5A860729609D18006BB8C7 /* Assets.xcassets in Resources */,
			);
			runOnlyForDeploymentPostprocessing = 0;
		};
/* End PBXResourcesBuildPhase section */

/* Begin PBXSourcesBuildPhase section */
		FB5A85FB29609D17006BB8C7 /* Sources */ = {
			isa = PBXSourcesBuildPhase;
			buildActionMask = 2147483647;
			files = (
				FB989328298FD9A900410ABB /* PopularMovieView.swift in Sources */,
				FB989313298848A000410ABB /* EpisodesView.swift in Sources */,
				FB5811E529CF204E00F2CDC7 /* DownloadsView.swift in Sources */,
				FB989326298FBC8100410ABB /* GenerateMovies.swift in Sources */,
				FB989324298FB97700410ABB /* SearchVM.swift in Sources */,
				FB5811DD29CEF57000F2CDC7 /* NotificationBar.swift in Sources */,
				FB98931E298FA92100410ABB /* Colors.swift in Sources */,
				FB1B29B129619F7100B81091 /* GlobalHelpers.swift in Sources */,
				FB5811DA29CEF44100F2CDC7 /* ComingSoon.swift in Sources */,
				FB98930A298512C500410ABB /* Trailer.swift in Sources */,
				FB989322298FB91900410ABB /* SearchView.swift in Sources */,
				FB8546D0297D405900ABF2C8 /* Episode.swift in Sources */,
				FB5A860529609D17006BB8C7 /* ContentView.swift in Sources */,
				FB5811E329CF03DB00F2CDC7 /* TrackableScrollView.swift in Sources */,
				FB5811E129CF02AA00F2CDC7 /* ComingSoonVM.swift in Sources */,
				FB1B29B32961A14800B81091 /* HomeVM.swift in Sources */,
				FB98930F2985154100410ABB /* VideoPreviewImage.swift in Sources */,
				FB1B29AD29619E7F00B81091 /* HomeView.swift in Sources */,
				FB1B29AF29619E9900B81091 /* StandardHomeMovie.swift in Sources */,
				FB8546C4296AB8FD00ABF2C8 /* TopMoviePreview.swift in Sources */,
				FB1B29AB29619DCA00B81091 /* Movie.swift in Sources */,
				FB98932A298FF00A00410ABB /* SearchResultGrid.swift in Sources */,
				FB989320298FAEDC00410ABB /* ActivityIndicator.swift in Sources */,
				FB5A860329609D17006BB8C7 /* NetflixCloneApp.swift in Sources */,
				FB9893082982E77800410ABB /* MoreLikeThis.swift in Sources */,
				FB989319298E596200410ABB /* HomeStack.swift in Sources */,
				FB98931B298FA76F00410ABB /* SearchBar.swift in Sources */,
				FB5811DF29CEFBB700F2CDC7 /* ComingSoonRow.swift in Sources */,
				FB8546D2297D607900ABF2C8 /* CustomTabSwitcher.swift in Sources */,
				FB989311298517D500410ABB /* TrailerList.swift in Sources */,
				FB8546C6296AC01200ABF2C8 /* SmallVerticalButton.swift in Sources */,
				FB8546C829747FC500ABF2C8 /* PlayButton.swift in Sources */,
				FB98930C2985137500410ABB /* SwiftUIVideoView.swift in Sources */,
				FB8546CE297D3B6C00ABF2C8 /* MovieDetail.swift in Sources */,
			);
			runOnlyForDeploymentPostprocessing = 0;
		};
/* End PBXSourcesBuildPhase section */

/* Begin XCBuildConfiguration section */
		FB5A860B29609D18006BB8C7 /* Debug */ = {
			isa = XCBuildConfiguration;
			buildSettings = {
				ALWAYS_SEARCH_USER_PATHS = NO;
				CLANG_ANALYZER_NONNULL = YES;
				CLANG_ANALYZER_NUMBER_OBJECT_CONVERSION = YES_AGGRESSIVE;
				CLANG_CXX_LANGUAGE_STANDARD = "gnu++20";
				CLANG_ENABLE_MODULES = YES;
				CLANG_ENABLE_OBJC_ARC = YES;
				CLANG_ENABLE_OBJC_WEAK = YES;
				CLANG_WARN_BLOCK_CAPTURE_AUTORELEASING = YES;
				CLANG_WARN_BOOL_CONVERSION = YES;
				CLANG_WARN_COMMA = YES;
				CLANG_WARN_CONSTANT_CONVERSION = YES;
				CLANG_WARN_DEPRECATED_OBJC_IMPLEMENTATIONS = YES;
				CLANG_WARN_DIRECT_OBJC_ISA_USAGE = YES_ERROR;
				CLANG_WARN_DOCUMENTATION_COMMENTS = YES;
				CLANG_WARN_EMPTY_BODY = YES;
				CLANG_WARN_ENUM_CONVERSION = YES;
				CLANG_WARN_INFINITE_RECURSION = YES;
				CLANG_WARN_INT_CONVERSION = YES;
				CLANG_WARN_NON_LITERAL_NULL_CONVERSION = YES;
				CLANG_WARN_OBJC_IMPLICIT_RETAIN_SELF = YES;
				CLANG_WARN_OBJC_LITERAL_CONVERSION = YES;
				CLANG_WARN_OBJC_ROOT_CLASS = YES_ERROR;
				CLANG_WARN_QUOTED_INCLUDE_IN_FRAMEWORK_HEADER = YES;
				CLANG_WARN_RANGE_LOOP_ANALYSIS = YES;
				CLANG_WARN_STRICT_PROTOTYPES = YES;
				CLANG_WARN_SUSPICIOUS_MOVE = YES;
				CLANG_WARN_UNGUARDED_AVAILABILITY = YES_AGGRESSIVE;
				CLANG_WARN_UNREACHABLE_CODE = YES;
				CLANG_WARN__DUPLICATE_METHOD_MATCH = YES;
				COPY_PHASE_STRIP = NO;
				DEBUG_INFORMATION_FORMAT = dwarf;
				ENABLE_STRICT_OBJC_MSGSEND = YES;
				ENABLE_TESTABILITY = YES;
				GCC_C_LANGUAGE_STANDARD = gnu11;
				GCC_DYNAMIC_NO_PIC = NO;
				GCC_NO_COMMON_BLOCKS = YES;
				GCC_OPTIMIZATION_LEVEL = 0;
				GCC_PREPROCESSOR_DEFINITIONS = (
					"DEBUG=1",
					"$(inherited)",
				);
				GCC_WARN_64_TO_32_BIT_CONVERSION = YES;
				GCC_WARN_ABOUT_RETURN_TYPE = YES_ERROR;
				GCC_WARN_UNDECLARED_SELECTOR = YES;
				GCC_WARN_UNINITIALIZED_AUTOS = YES_AGGRESSIVE;
				GCC_WARN_UNUSED_FUNCTION = YES;
				GCC_WARN_UNUSED_VARIABLE = YES;
				IPHONEOS_DEPLOYMENT_TARGET = 16.1;
				MTL_ENABLE_DEBUG_INFO = INCLUDE_SOURCE;
				MTL_FAST_MATH = YES;
				ONLY_ACTIVE_ARCH = YES;
				SDKROOT = iphoneos;
				SWIFT_ACTIVE_COMPILATION_CONDITIONS = DEBUG;
				SWIFT_OPTIMIZATION_LEVEL = "-Onone";
			};
			name = Debug;
		};
		FB5A860C29609D18006BB8C7 /* Release */ = {
			isa = XCBuildConfiguration;
			buildSettings = {
				ALWAYS_SEARCH_USER_PATHS = NO;
				CLANG_ANALYZER_NONNULL = YES;
				CLANG_ANALYZER_NUMBER_OBJECT_CONVERSION = YES_AGGRESSIVE;
				CLANG_CXX_LANGUAGE_STANDARD = "gnu++20";
				CLANG_ENABLE_MODULES = YES;
				CLANG_ENABLE_OBJC_ARC = YES;
				CLANG_ENABLE_OBJC_WEAK = YES;
				CLANG_WARN_BLOCK_CAPTURE_AUTORELEASING = YES;
				CLANG_WARN_BOOL_CONVERSION = YES;
				CLANG_WARN_COMMA = YES;
				CLANG_WARN_CONSTANT_CONVERSION = YES;
				CLANG_WARN_DEPRECATED_OBJC_IMPLEMENTATIONS = YES;
				CLANG_WARN_DIRECT_OBJC_ISA_USAGE = YES_ERROR;
				CLANG_WARN_DOCUMENTATION_COMMENTS = YES;
				CLANG_WARN_EMPTY_BODY = YES;
				CLANG_WARN_ENUM_CONVERSION = YES;
				CLANG_WARN_INFINITE_RECURSION = YES;
				CLANG_WARN_INT_CONVERSION = YES;
				CLANG_WARN_NON_LITERAL_NULL_CONVERSION = YES;
				CLANG_WARN_OBJC_IMPLICIT_RETAIN_SELF = YES;
				CLANG_WARN_OBJC_LITERAL_CONVERSION = YES;
				CLANG_WARN_OBJC_ROOT_CLASS = YES_ERROR;
				CLANG_WARN_QUOTED_INCLUDE_IN_FRAMEWORK_HEADER = YES;
				CLANG_WARN_RANGE_LOOP_ANALYSIS = YES;
				CLANG_WARN_STRICT_PROTOTYPES = YES;
				CLANG_WARN_SUSPICIOUS_MOVE = YES;
				CLANG_WARN_UNGUARDED_AVAILABILITY = YES_AGGRESSIVE;
				CLANG_WARN_UNREACHABLE_CODE = YES;
				CLANG_WARN__DUPLICATE_METHOD_MATCH = YES;
				COPY_PHASE_STRIP = NO;
				DEBUG_INFORMATION_FORMAT = "dwarf-with-dsym";
				ENABLE_NS_ASSERTIONS = NO;
				ENABLE_STRICT_OBJC_MSGSEND = YES;
				GCC_C_LANGUAGE_STANDARD = gnu11;
				GCC_NO_COMMON_BLOCKS = YES;
				GCC_WARN_64_TO_32_BIT_CONVERSION = YES;
				GCC_WARN_ABOUT_RETURN_TYPE = YES_ERROR;
				GCC_WARN_UNDECLARED_SELECTOR = YES;
				GCC_WARN_UNINITIALIZED_AUTOS = YES_AGGRESSIVE;
				GCC_WARN_UNUSED_FUNCTION = YES;
				GCC_WARN_UNUSED_VARIABLE = YES;
				IPHONEOS_DEPLOYMENT_TARGET = 16.1;
				MTL_ENABLE_DEBUG_INFO = NO;
				MTL_FAST_MATH = YES;
				SDKROOT = iphoneos;
				SWIFT_COMPILATION_MODE = wholemodule;
				SWIFT_OPTIMIZATION_LEVEL = "-O";
				VALIDATE_PRODUCT = YES;
			};
			name = Release;
		};
		FB5A860E29609D18006BB8C7 /* Debug */ = {
			isa = XCBuildConfiguration;
			buildSettings = {
				ASSETCATALOG_COMPILER_APPICON_NAME = AppIcon;
				ASSETCATALOG_COMPILER_GLOBAL_ACCENT_COLOR_NAME = AccentColor;
				CODE_SIGN_STYLE = Automatic;
				CURRENT_PROJECT_VERSION = 1;
				DEVELOPMENT_ASSET_PATHS = "\"NetflixClone/Preview Content\"";
				DEVELOPMENT_TEAM = GQ3DRVLPT9;
				ENABLE_PREVIEWS = YES;
				GENERATE_INFOPLIST_FILE = YES;
				INFOPLIST_KEY_UIApplicationSceneManifest_Generation = YES;
				INFOPLIST_KEY_UIApplicationSupportsIndirectInputEvents = YES;
				INFOPLIST_KEY_UILaunchScreen_Generation = YES;
				INFOPLIST_KEY_UISupportedInterfaceOrientations_iPad = "UIInterfaceOrientationPortrait UIInterfaceOrientationPortraitUpsideDown UIInterfaceOrientationLandscapeLeft UIInterfaceOrientationLandscapeRight";
				INFOPLIST_KEY_UISupportedInterfaceOrientations_iPhone = "UIInterfaceOrientationPortrait UIInterfaceOrientationLandscapeLeft UIInterfaceOrientationLandscapeRight";
				LD_RUNPATH_SEARCH_PATHS = (
					"$(inherited)",
					"@executable_path/Frameworks",
				);
				MARKETING_VERSION = 1.0;
				PRODUCT_BUNDLE_IDENTIFIER = com.fatihfilizol.NetflixClone;
				PRODUCT_NAME = "$(TARGET_NAME)";
				SWIFT_EMIT_LOC_STRINGS = YES;
				SWIFT_VERSION = 5.0;
				TARGETED_DEVICE_FAMILY = "1,2";
			};
			name = Debug;
		};
		FB5A860F29609D18006BB8C7 /* Release */ = {
			isa = XCBuildConfiguration;
			buildSettings = {
				ASSETCATALOG_COMPILER_APPICON_NAME = AppIcon;
				ASSETCATALOG_COMPILER_GLOBAL_ACCENT_COLOR_NAME = AccentColor;
				CODE_SIGN_STYLE = Automatic;
				CURRENT_PROJECT_VERSION = 1;
				DEVELOPMENT_ASSET_PATHS = "\"NetflixClone/Preview Content\"";
				DEVELOPMENT_TEAM = GQ3DRVLPT9;
				ENABLE_PREVIEWS = YES;
				GENERATE_INFOPLIST_FILE = YES;
				INFOPLIST_KEY_UIApplicationSceneManifest_Generation = YES;
				INFOPLIST_KEY_UIApplicationSupportsIndirectInputEvents = YES;
				INFOPLIST_KEY_UILaunchScreen_Generation = YES;
				INFOPLIST_KEY_UISupportedInterfaceOrientations_iPad = "UIInterfaceOrientationPortrait UIInterfaceOrientationPortraitUpsideDown UIInterfaceOrientationLandscapeLeft UIInterfaceOrientationLandscapeRight";
				INFOPLIST_KEY_UISupportedInterfaceOrientations_iPhone = "UIInterfaceOrientationPortrait UIInterfaceOrientationLandscapeLeft UIInterfaceOrientationLandscapeRight";
				LD_RUNPATH_SEARCH_PATHS = (
					"$(inherited)",
					"@executable_path/Frameworks",
				);
				MARKETING_VERSION = 1.0;
				PRODUCT_BUNDLE_IDENTIFIER = com.fatihfilizol.NetflixClone;
				PRODUCT_NAME = "$(TARGET_NAME)";
				SWIFT_EMIT_LOC_STRINGS = YES;
				SWIFT_VERSION = 5.0;
				TARGETED_DEVICE_FAMILY = "1,2";
			};
			name = Release;
		};
/* End XCBuildConfiguration section */

/* Begin XCConfigurationList section */
		FB5A85FA29609D17006BB8C7 /* Build configuration list for PBXProject "NetflixClone" */ = {
			isa = XCConfigurationList;
			buildConfigurations = (
				FB5A860B29609D18006BB8C7 /* Debug */,
				FB5A860C29609D18006BB8C7 /* Release */,
			);
			defaultConfigurationIsVisible = 0;
			defaultConfigurationName = Release;
		};
		FB5A860D29609D18006BB8C7 /* Build configuration list for PBXNativeTarget "NetflixClone" */ = {
			isa = XCConfigurationList;
			buildConfigurations = (
				FB5A860E29609D18006BB8C7 /* Debug */,
				FB5A860F29609D18006BB8C7 /* Release */,
			);
			defaultConfigurationIsVisible = 0;
			defaultConfigurationName = Release;
		};
/* End XCConfigurationList section */

/* Begin XCRemoteSwiftPackageReference section */
		FB5A86172960A0AC006BB8C7 /* XCRemoteSwiftPackageReference "Kingfisher" */ = {
			isa = XCRemoteSwiftPackageReference;
			repositoryURL = "https://github.com/onevcat/Kingfisher";
			requirement = {
				kind = upToNextMajorVersion;
				minimumVersion = 5.14.1;
			};
		};
/* End XCRemoteSwiftPackageReference section */

/* Begin XCSwiftPackageProductDependency section */
		FB5A86182960A0AC006BB8C7 /* KingfisherSwiftUI */ = {
			isa = XCSwiftPackageProductDependency;
			package = FB5A86172960A0AC006BB8C7 /* XCRemoteSwiftPackageReference "Kingfisher" */;
			productName = KingfisherSwiftUI;
		};
/* End XCSwiftPackageProductDependency section */
	};
	rootObject = FB5A85F729609D17006BB8C7 /* Project object */;
}
